PODS:
  - RSClipperWrapper (1.1)
  - RSContactGrid (1.0.1)
  - RSScene (1.0)

DEPENDENCIES:
  - RSClipperWrapper (from `https://github.com/rusty1s/RSClipperWrapper.git`)
  - RSContactGrid (from `https://github.com/rusty1s/RSContactGrid.git`)
  - RSScene (from `https://github.com/rusty1s/RSScene.git`)

EXTERNAL SOURCES:
  RSClipperWrapper:
    :git: https://github.com/rusty1s/RSClipperWrapper.git
  RSContactGrid:
    :git: https://github.com/rusty1s/RSContactGrid.git
  RSScene:
    :git: https://github.com/rusty1s/RSScene.git

CHECKOUT OPTIONS:
  RSClipperWrapper:
    :commit: 1e7edf7529bd7cd169fcdae11908cde1b529b360
    :git: https://github.com/rusty1s/RSClipperWrapper.git
  RSContactGrid:
    :commit: 7c57ac7ec1be9360e0e7e82307fc27ce575a52aa
    :git: https://github.com/rusty1s/RSContactGrid.git
  RSScene:
    :commit: 53672817e236c6b15e18dc990da6dde73358fd6d
    :git: https://github.com/rusty1s/RSScene.git

SPEC CHECKSUMS:
  RSClipperWrapper: 2ca0ac5541d74f93ff710ecdd2a9a4d96bb178ac
  RSContactGrid: d5cdfd25276cdadb6b71b818f254ee63b235e570
  RSScene: 4d4a274a220c6b2b59f1936bd98a2b8cbbde4084

COCOAPODS: 0.38.2
